version = 1
revision = 2
requires-python = ">=3.12"
resolution-markers = [
    "python_full_version >= '3.14'",
    "python_full_version < '3.14'",
]

[[package]]
name = "argon2-cffi"
version = "25.1.0"
source = { registry = "https://pypi.org/simple" }
dependencies = [
    { name = "argon2-cffi-bindings", version = "21.2.0", source = { registry = "https://pypi.org/simple" }, marker = "python_full_version >= '3.14'" },
    { name = "argon2-cffi-bindings", version = "25.1.0", source = { registry = "https://pypi.org/simple" }, marker = "python_full_version < '3.14'" },
]
sdist = { url = "https://files.pythonhosted.org/packages/0e/89/ce5af8a7d472a67cc819d5d998aa8c82c5d860608c4db9f46f1162d7dab9/argon2_cffi-25.1.0.tar.gz", hash = "sha256:694ae5cc8a42f4c4e2bf2ca0e64e51e23a040c6a517a85074683d3959e1346c1", size = 45706, upload-time = "2025-06-03T06:55:32.073Z" }
wheels = [
    { url = "https://files.pythonhosted.org/packages/4f/d3/a8b22fa575b297cd6e3e3b0155c7e25db170edf1c74783d6a31a2490b8d9/argon2_cffi-25.1.0-py3-none-any.whl", hash = "sha256:fdc8b074db390fccb6eb4a3604ae7231f219aa669a2652e0f20e16ba513d5741", size = 14657, upload-time = "2025-06-03T06:55:30.804Z" },
]

[[package]]
name = "argon2-cffi-bindings"
version = "21.2.0"
source = { registry = "https://pypi.org/simple" }
resolution-markers = [
    "python_full_version >= '3.14'",
]
dependencies = [
    { name = "cffi", marker = "python_full_version >= '3.14'" },
]
sdist = { url = "https://files.pythonhosted.org/packages/b9/e9/184b8ccce6683b0aa2fbb7ba5683ea4b9c5763f1356347f1312c32e3c66e/argon2-cffi-bindings-21.2.0.tar.gz", hash = "sha256:bb89ceffa6c791807d1305ceb77dbfacc5aa499891d2c55661c6459651fc39e3", size = 1779911, upload-time = "2021-12-01T08:52:55.68Z" }
wheels = [
    { url = "https://files.pythonhosted.org/packages/d4/13/838ce2620025e9666aa8f686431f67a29052241692a3dd1ae9d3692a89d3/argon2_cffi_bindings-21.2.0-cp36-abi3-macosx_10_9_x86_64.whl", hash = "sha256:ccb949252cb2ab3a08c02024acb77cfb179492d5701c7cbdbfd776124d4d2367", size = 29658, upload-time = "2021-12-01T09:09:17.016Z" },
    { url = "https://files.pythonhosted.org/packages/b3/02/f7f7bb6b6af6031edb11037639c697b912e1dea2db94d436e681aea2f495/argon2_cffi_bindings-21.2.0-cp36-abi3-manylinux_2_17_aarch64.manylinux2014_aarch64.whl", hash = "sha256:9524464572e12979364b7d600abf96181d3541da11e23ddf565a32e70bd4dc0d", size = 80583, upload-time = "2021-12-01T09:09:19.546Z" },
    { url = "https://files.pythonhosted.org/packages/ec/f7/378254e6dd7ae6f31fe40c8649eea7d4832a42243acaf0f1fff9083b2bed/argon2_cffi_bindings-21.2.0-cp36-abi3-manylinux_2_17_x86_64.manylinux2014_x86_64.whl", hash = "sha256:b746dba803a79238e925d9046a63aa26bf86ab2a2fe74ce6b009a1c3f5c8f2ae", size = 86168, upload-time = "2021-12-01T09:09:21.445Z" },
    { url = "https://files.pythonhosted.org/packages/74/f6/4a34a37a98311ed73bb80efe422fed95f2ac25a4cacc5ae1d7ae6a144505/argon2_cffi_bindings-21.2.0-cp36-abi3-manylinux_2_5_i686.manylinux1_i686.manylinux_2_17_i686.manylinux2014_i686.whl", hash = "sha256:58ed19212051f49a523abb1dbe954337dc82d947fb6e5a0da60f7c8471a8476c", size = 82709, upload-time = "2021-12-01T09:09:18.182Z" },
    { url = "https://files.pythonhosted.org/packages/74/2b/73d767bfdaab25484f7e7901379d5f8793cccbb86c6e0cbc4c1b96f63896/argon2_cffi_bindings-21.2.0-cp36-abi3-musllinux_1_1_aarch64.whl", hash = "sha256:bd46088725ef7f58b5a1ef7ca06647ebaf0eb4baff7d1d0d177c6cc8744abd86", size = 83613, upload-time = "2021-12-01T09:09:22.741Z" },
    { url = "https://files.pythonhosted.org/packages/4f/fd/37f86deef67ff57c76f137a67181949c2d408077e2e3dd70c6c42912c9bf/argon2_cffi_bindings-21.2.0-cp36-abi3-musllinux_1_1_i686.whl", hash = "sha256:8cd69c07dd875537a824deec19f978e0f2078fdda07fd5c42ac29668dda5f40f", size = 84583, upload-time = "2021-12-01T09:09:24.177Z" },
    { url = "https://files.pythonhosted.org/packages/6f/52/5a60085a3dae8fded8327a4f564223029f5f54b0cb0455a31131b5363a01/argon2_cffi_bindings-21.2.0-cp36-abi3-musllinux_1_1_x86_64.whl", hash = "sha256:f1152ac548bd5b8bcecfb0b0371f082037e47128653df2e8ba6e914d384f3c3e", size = 88475, upload-time = "2021-12-01T09:09:26.673Z" },
    { url = "https://files.pythonhosted.org/packages/8b/95/143cd64feb24a15fa4b189a3e1e7efbaeeb00f39a51e99b26fc62fbacabd/argon2_cffi_bindings-21.2.0-cp36-abi3-win32.whl", hash = "sha256:603ca0aba86b1349b147cab91ae970c63118a0f30444d4bc80355937c950c082", size = 27698, upload-time = "2021-12-01T09:09:27.87Z" },
    { url = "https://files.pythonhosted.org/packages/37/2c/e34e47c7dee97ba6f01a6203e0383e15b60fb85d78ac9a15cd066f6fe28b/argon2_cffi_bindings-21.2.0-cp36-abi3-win_amd64.whl", hash = "sha256:b2ef1c30440dbbcba7a5dc3e319408b59676e2e039e2ae11a8775ecf482b192f", size = 30817, upload-time = "2021-12-01T09:09:30.267Z" },
    { url = "https://files.pythonhosted.org/packages/5a/e4/bf8034d25edaa495da3c8a3405627d2e35758e44ff6eaa7948092646fdcc/argon2_cffi_bindings-21.2.0-cp38-abi3-macosx_10_9_universal2.whl", hash = "sha256:e415e3f62c8d124ee16018e491a009937f8cf7ebf5eb430ffc5de21b900dad93", size = 53104, upload-time = "2021-12-01T09:09:31.335Z" },
]

[[package]]
name = "argon2-cffi-bindings"
version = "25.1.0"
source = { registry = "https://pypi.org/simple" }
resolution-markers = [
    "python_full_version < '3.14'",
]
dependencies = [
    { name = "cffi", marker = "python_full_version < '3.14'" },
]
sdist = { url = "https://files.pythonhosted.org/packages/5c/2d/db8af0df73c1cf454f71b2bbe5e356b8c1f8041c979f505b3d3186e520a9/argon2_cffi_bindings-25.1.0.tar.gz", hash = "sha256:b957f3e6ea4d55d820e40ff76f450952807013d361a65d7f28acc0acbf29229d", size = 1783441, upload-time = "2025-07-30T10:02:05.147Z" }
wheels = [
    { url = "https://files.pythonhosted.org/packages/60/97/3c0a35f46e52108d4707c44b95cfe2afcafc50800b5450c197454569b776/argon2_cffi_bindings-25.1.0-cp314-cp314t-macosx_10_13_universal2.whl", hash = "sha256:3d3f05610594151994ca9ccb3c771115bdb4daef161976a266f0dd8aa9996b8f", size = 54393, upload-time = "2025-07-30T10:01:40.97Z" },
    { url = "https://files.pythonhosted.org/packages/9d/f4/98bbd6ee89febd4f212696f13c03ca302b8552e7dbf9c8efa11ea4a388c3/argon2_cffi_bindings-25.1.0-cp314-cp314t-macosx_10_13_x86_64.whl", hash = "sha256:8b8efee945193e667a396cbc7b4fb7d357297d6234d30a489905d96caabde56b", size = 29328, upload-time = "2025-07-30T10:01:41.916Z" },
    { url = "https://files.pythonhosted.org/packages/43/24/90a01c0ef12ac91a6be05969f29944643bc1e5e461155ae6559befa8f00b/argon2_cffi_bindings-25.1.0-cp314-cp314t-macosx_11_0_arm64.whl", hash = "sha256:3c6702abc36bf3ccba3f802b799505def420a1b7039862014a65db3205967f5a", size = 31269, upload-time = "2025-07-30T10:01:42.716Z" },
    { url = "https://files.pythonhosted.org/packages/d4/d3/942aa10782b2697eee7af5e12eeff5ebb325ccfb86dd8abda54174e377e4/argon2_cffi_bindings-25.1.0-cp314-cp314t-manylinux_2_26_aarch64.manylinux_2_28_aarch64.whl", hash = "sha256:a1c70058c6ab1e352304ac7e3b52554daadacd8d453c1752e547c76e9c99ac44", size = 86558, upload-time = "2025-07-30T10:01:43.943Z" },
    { url = "https://files.pythonhosted.org/packages/0d/82/b484f702fec5536e71836fc2dbc8c5267b3f6e78d2d539b4eaa6f0db8bf8/argon2_cffi_bindings-25.1.0-cp314-cp314t-manylinux_2_26_x86_64.manylinux_2_28_x86_64.whl", hash = "sha256:e2fd3bfbff3c5d74fef31a722f729bf93500910db650c925c2d6ef879a7e51cb", size = 92364, upload-time = "2025-07-30T10:01:44.887Z" },
    { url = "https://files.pythonhosted.org/packages/c9/c1/a606ff83b3f1735f3759ad0f2cd9e038a0ad11a3de3b6c673aa41c24bb7b/argon2_cffi_bindings-25.1.0-cp314-cp314t-musllinux_1_2_aarch64.whl", hash = "sha256:c4f9665de60b1b0e99bcd6be4f17d90339698ce954cfd8d9cf4f91c995165a92", size = 85637, upload-time = "2025-07-30T10:01:46.225Z" },
    { url = "https://files.pythonhosted.org/packages/44/b4/678503f12aceb0262f84fa201f6027ed77d71c5019ae03b399b97caa2f19/argon2_cffi_bindings-25.1.0-cp314-cp314t-musllinux_1_2_x86_64.whl", hash = "sha256:ba92837e4a9aa6a508c8d2d7883ed5a8f6c308c89a4790e1e447a220deb79a85", size = 91934, upload-time = "2025-07-30T10:01:47.203Z" },
    { url = "https://files.pythonhosted.org/packages/f0/c7/f36bd08ef9bd9f0a9cff9428406651f5937ce27b6c5b07b92d41f91ae541/argon2_cffi_bindings-25.1.0-cp314-cp314t-win32.whl", hash = "sha256:84a461d4d84ae1295871329b346a97f68eade8c53b6ed9a7ca2d7467f3c8ff6f", size = 28158, upload-time = "2025-07-30T10:01:48.341Z" },
    { url = "https://files.pythonhosted.org/packages/b3/80/0106a7448abb24a2c467bf7d527fe5413b7fdfa4ad6d6a96a43a62ef3988/argon2_cffi_bindings-25.1.0-cp314-cp314t-win_amd64.whl", hash = "sha256:b55aec3565b65f56455eebc9b9f34130440404f27fe21c3b375bf1ea4d8fbae6", size = 32597, upload-time = "2025-07-30T10:01:49.112Z" },
    { url = "https://files.pythonhosted.org/packages/05/b8/d663c9caea07e9180b2cb662772865230715cbd573ba3b5e81793d580316/argon2_cffi_bindings-25.1.0-cp314-cp314t-win_arm64.whl", hash = "sha256:87c33a52407e4c41f3b70a9c2d3f6056d88b10dad7695be708c5021673f55623", size = 28231, upload-time = "2025-07-30T10:01:49.92Z" },
    { url = "https://files.pythonhosted.org/packages/1d/57/96b8b9f93166147826da5f90376e784a10582dd39a393c99bb62cfcf52f0/argon2_cffi_bindings-25.1.0-cp39-abi3-macosx_10_9_universal2.whl", hash = "sha256:aecba1723ae35330a008418a91ea6cfcedf6d31e5fbaa056a166462ff066d500", size = 54121, upload-time = "2025-07-30T10:01:50.815Z" },
    { url = "https://files.pythonhosted.org/packages/0a/08/a9bebdb2e0e602dde230bdde8021b29f71f7841bd54801bcfd514acb5dcf/argon2_cffi_bindings-25.1.0-cp39-abi3-macosx_10_9_x86_64.whl", hash = "sha256:2630b6240b495dfab90aebe159ff784d08ea999aa4b0d17efa734055a07d2f44", size = 29177, upload-time = "2025-07-30T10:01:51.681Z" },
    { url = "https://files.pythonhosted.org/packages/b6/02/d297943bcacf05e4f2a94ab6f462831dc20158614e5d067c35d4e63b9acb/argon2_cffi_bindings-25.1.0-cp39-abi3-macosx_11_0_arm64.whl", hash = "sha256:7aef0c91e2c0fbca6fc68e7555aa60ef7008a739cbe045541e438373bc54d2b0", size = 31090, upload-time = "2025-07-30T10:01:53.184Z" },
    { url = "https://files.pythonhosted.org/packages/c1/93/44365f3d75053e53893ec6d733e4a5e3147502663554b4d864587c7828a7/argon2_cffi_bindings-25.1.0-cp39-abi3-manylinux_2_26_aarch64.manylinux_2_28_aarch64.whl", hash = "sha256:1e021e87faa76ae0d413b619fe2b65ab9a037f24c60a1e6cc43457ae20de6dc6", size = 81246, upload-time = "2025-07-30T10:01:54.145Z" },
    { url = "https://files.pythonhosted.org/packages/09/52/94108adfdd6e2ddf58be64f959a0b9c7d4ef2fa71086c38356d22dc501ea/argon2_cffi_bindings-25.1.0-cp39-abi3-manylinux_2_26_x86_64.manylinux_2_28_x86_64.whl", hash = "sha256:d3e924cfc503018a714f94a49a149fdc0b644eaead5d1f089330399134fa028a", size = 87126, upload-time = "2025-07-30T10:01:55.074Z" },
    { url = "https://files.pythonhosted.org/packages/72/70/7a2993a12b0ffa2a9271259b79cc616e2389ed1a4d93842fac5a1f923ffd/argon2_cffi_bindings-25.1.0-cp39-abi3-musllinux_1_2_aarch64.whl", hash = "sha256:c87b72589133f0346a1cb8d5ecca4b933e3c9b64656c9d175270a000e73b288d", size = 80343, upload-time = "2025-07-30T10:01:56.007Z" },
    { url = "https://files.pythonhosted.org/packages/78/9a/4e5157d893ffc712b74dbd868c7f62365618266982b64accab26bab01edc/argon2_cffi_bindings-25.1.0-cp39-abi3-musllinux_1_2_x86_64.whl", hash = "sha256:1db89609c06afa1a214a69a462ea741cf735b29a57530478c06eb81dd403de99", size = 86777, upload-time = "2025-07-30T10:01:56.943Z" },
    { url = "https://files.pythonhosted.org/packages/74/cd/15777dfde1c29d96de7f18edf4cc94c385646852e7c7b0320aa91ccca583/argon2_cffi_bindings-25.1.0-cp39-abi3-win32.whl", hash = "sha256:473bcb5f82924b1becbb637b63303ec8d10e84c8d241119419897a26116515d2", size = 27180, upload-time = "2025-07-30T10:01:57.759Z" },
    { url = "https://files.pythonhosted.org/packages/e2/c6/a759ece8f1829d1f162261226fbfd2c6832b3ff7657384045286d2afa384/argon2_cffi_bindings-25.1.0-cp39-abi3-win_amd64.whl", hash = "sha256:a98cd7d17e9f7ce244c0803cad3c23a7d379c301ba618a5fa76a67d116618b98", size = 31715, upload-time = "2025-07-30T10:01:58.56Z" },
    { url = "https://files.pythonhosted.org/packages/42/b9/f8d6fa329ab25128b7e98fd83a3cb34d9db5b059a9847eddb840a0af45dd/argon2_cffi_bindings-25.1.0-cp39-abi3-win_arm64.whl", hash = "sha256:b0fdbcf513833809c882823f98dc2f931cf659d9a1429616ac3adebb49f5db94", size = 27149, upload-time = "2025-07-30T10:01:59.329Z" },
]

[[package]]
name = "certifi"
version = "2025.8.3"
source = { registry = "https://pypi.org/simple" }
sdist = { url = "https://files.pythonhosted.org/packages/dc/67/960ebe6bf230a96cda2e0abcf73af550ec4f090005363542f0765df162e0/certifi-2025.8.3.tar.gz", hash = "sha256:e564105f78ded564e3ae7c923924435e1daa7463faeab5bb932bc53ffae63407", size = 162386, upload-time = "2025-08-03T03:07:47.08Z" }
wheels = [
    { url = "https://files.pythonhosted.org/packages/e5/48/1549795ba7742c948d2ad169c1c8cdbae65bc450d6cd753d124b17c8cd32/certifi-2025.8.3-py3-none-any.whl", hash = "sha256:f6c12493cfb1b06ba2ff328595af9350c65d6644968e5d3a2ffd78699af217a5", size = 161216, upload-time = "2025-08-03T03:07:45.777Z" },
]

[[package]]
name = "cffi"
version = "1.17.1"
source = { registry = "https://pypi.org/simple" }
dependencies = [
    { name = "pycparser" },
]
sdist = { url = "https://files.pythonhosted.org/packages/fc/97/c783634659c2920c3fc70419e3af40972dbaf758daa229a7d6ea6135c90d/cffi-1.17.1.tar.gz", hash = "sha256:1c39c6016c32bc48dd54561950ebd6836e1670f2ae46128f67cf49e789c52824", size = 516621, upload-time = "2024-09-04T20:45:21.852Z" }
wheels = [
    { url = "https://files.pythonhosted.org/packages/5a/84/e94227139ee5fb4d600a7a4927f322e1d4aea6fdc50bd3fca8493caba23f/cffi-1.17.1-cp312-cp312-macosx_10_9_x86_64.whl", hash = "sha256:805b4371bf7197c329fcb3ead37e710d1bca9da5d583f5073b799d5c5bd1eee4", size = 183178, upload-time = "2024-09-04T20:44:12.232Z" },
    { url = "https://files.pythonhosted.org/packages/da/ee/fb72c2b48656111c4ef27f0f91da355e130a923473bf5ee75c5643d00cca/cffi-1.17.1-cp312-cp312-macosx_11_0_arm64.whl", hash = "sha256:733e99bc2df47476e3848417c5a4540522f234dfd4ef3ab7fafdf555b082ec0c", size = 178840, upload-time = "2024-09-04T20:44:13.739Z" },
    { url = "https://files.pythonhosted.org/packages/cc/b6/db007700f67d151abadf508cbfd6a1884f57eab90b1bb985c4c8c02b0f28/cffi-1.17.1-cp312-cp312-manylinux_2_12_i686.manylinux2010_i686.manylinux_2_17_i686.manylinux2014_i686.whl", hash = "sha256:1257bdabf294dceb59f5e70c64a3e2f462c30c7ad68092d01bbbfb1c16b1ba36", size = 454803, upload-time = "2024-09-04T20:44:15.231Z" },
    { url = "https://files.pythonhosted.org/packages/1a/df/f8d151540d8c200eb1c6fba8cd0dfd40904f1b0682ea705c36e6c2e97ab3/cffi-1.17.1-cp312-cp312-manylinux_2_17_aarch64.manylinux2014_aarch64.whl", hash = "sha256:da95af8214998d77a98cc14e3a3bd00aa191526343078b530ceb0bd710fb48a5", size = 478850, upload-time = "2024-09-04T20:44:17.188Z" },
    { url = "https://files.pythonhosted.org/packages/28/c0/b31116332a547fd2677ae5b78a2ef662dfc8023d67f41b2a83f7c2aa78b1/cffi-1.17.1-cp312-cp312-manylinux_2_17_ppc64le.manylinux2014_ppc64le.whl", hash = "sha256:d63afe322132c194cf832bfec0dc69a99fb9bb6bbd550f161a49e9e855cc78ff", size = 485729, upload-time = "2024-09-04T20:44:18.688Z" },
    { url = "https://files.pythonhosted.org/packages/91/2b/9a1ddfa5c7f13cab007a2c9cc295b70fbbda7cb10a286aa6810338e60ea1/cffi-1.17.1-cp312-cp312-manylinux_2_17_s390x.manylinux2014_s390x.whl", hash = "sha256:f79fc4fc25f1c8698ff97788206bb3c2598949bfe0fef03d299eb1b5356ada99", size = 471256, upload-time = "2024-09-04T20:44:20.248Z" },
    { url = "https://files.pythonhosted.org/packages/b2/d5/da47df7004cb17e4955df6a43d14b3b4ae77737dff8bf7f8f333196717bf/cffi-1.17.1-cp312-cp312-manylinux_2_17_x86_64.manylinux2014_x86_64.whl", hash = "sha256:b62ce867176a75d03a665bad002af8e6d54644fad99a3c70905c543130e39d93", size = 479424, upload-time = "2024-09-04T20:44:21.673Z" },
    { url = "https://files.pythonhosted.org/packages/0b/ac/2a28bcf513e93a219c8a4e8e125534f4f6db03e3179ba1c45e949b76212c/cffi-1.17.1-cp312-cp312-musllinux_1_1_aarch64.whl", hash = "sha256:386c8bf53c502fff58903061338ce4f4950cbdcb23e2902d86c0f722b786bbe3", size = 484568, upload-time = "2024-09-04T20:44:23.245Z" },
    { url = "https://files.pythonhosted.org/packages/d4/38/ca8a4f639065f14ae0f1d9751e70447a261f1a30fa7547a828ae08142465/cffi-1.17.1-cp312-cp312-musllinux_1_1_x86_64.whl", hash = "sha256:4ceb10419a9adf4460ea14cfd6bc43d08701f0835e979bf821052f1805850fe8", size = 488736, upload-time = "2024-09-04T20:44:24.757Z" },
    { url = "https://files.pythonhosted.org/packages/86/c5/28b2d6f799ec0bdecf44dced2ec5ed43e0eb63097b0f58c293583b406582/cffi-1.17.1-cp312-cp312-win32.whl", hash = "sha256:a08d7e755f8ed21095a310a693525137cfe756ce62d066e53f502a83dc550f65", size = 172448, upload-time = "2024-09-04T20:44:26.208Z" },
    { url = "https://files.pythonhosted.org/packages/50/b9/db34c4755a7bd1cb2d1603ac3863f22bcecbd1ba29e5ee841a4bc510b294/cffi-1.17.1-cp312-cp312-win_amd64.whl", hash = "sha256:51392eae71afec0d0c8fb1a53b204dbb3bcabcb3c9b807eedf3e1e6ccf2de903", size = 181976, upload-time = "2024-09-04T20:44:27.578Z" },
    { url = "https://files.pythonhosted.org/packages/8d/f8/dd6c246b148639254dad4d6803eb6a54e8c85c6e11ec9df2cffa87571dbe/cffi-1.17.1-cp313-cp313-macosx_10_13_x86_64.whl", hash = "sha256:f3a2b4222ce6b60e2e8b337bb9596923045681d71e5a082783484d845390938e", size = 182989, upload-time = "2024-09-04T20:44:28.956Z" },
    { url = "https://files.pythonhosted.org/packages/8b/f1/672d303ddf17c24fc83afd712316fda78dc6fce1cd53011b839483e1ecc8/cffi-1.17.1-cp313-cp313-macosx_11_0_arm64.whl", hash = "sha256:0984a4925a435b1da406122d4d7968dd861c1385afe3b45ba82b750f229811e2", size = 178802, upload-time = "2024-09-04T20:44:30.289Z" },
    { url = "https://files.pythonhosted.org/packages/0e/2d/eab2e858a91fdff70533cab61dcff4a1f55ec60425832ddfdc9cd36bc8af/cffi-1.17.1-cp313-cp313-manylinux_2_12_i686.manylinux2010_i686.manylinux_2_17_i686.manylinux2014_i686.whl", hash = "sha256:d01b12eeeb4427d3110de311e1774046ad344f5b1a7403101878976ecd7a10f3", size = 454792, upload-time = "2024-09-04T20:44:32.01Z" },
    { url = "https://files.pythonhosted.org/packages/75/b2/fbaec7c4455c604e29388d55599b99ebcc250a60050610fadde58932b7ee/cffi-1.17.1-cp313-cp313-manylinux_2_17_aarch64.manylinux2014_aarch64.whl", hash = "sha256:706510fe141c86a69c8ddc029c7910003a17353970cff3b904ff0686a5927683", size = 478893, upload-time = "2024-09-04T20:44:33.606Z" },
    { url = "https://files.pythonhosted.org/packages/4f/b7/6e4a2162178bf1935c336d4da8a9352cccab4d3a5d7914065490f08c0690/cffi-1.17.1-cp313-cp313-manylinux_2_17_ppc64le.manylinux2014_ppc64le.whl", hash = "sha256:de55b766c7aa2e2a3092c51e0483d700341182f08e67c63630d5b6f200bb28e5", size = 485810, upload-time = "2024-09-04T20:44:35.191Z" },
    { url = "https://files.pythonhosted.org/packages/c7/8a/1d0e4a9c26e54746dc08c2c6c037889124d4f59dffd853a659fa545f1b40/cffi-1.17.1-cp313-cp313-manylinux_2_17_s390x.manylinux2014_s390x.whl", hash = "sha256:c59d6e989d07460165cc5ad3c61f9fd8f1b4796eacbd81cee78957842b834af4", size = 471200, upload-time = "2024-09-04T20:44:36.743Z" },
    { url = "https://files.pythonhosted.org/packages/26/9f/1aab65a6c0db35f43c4d1b4f580e8df53914310afc10ae0397d29d697af4/cffi-1.17.1-cp313-cp313-manylinux_2_17_x86_64.manylinux2014_x86_64.whl", hash = "sha256:dd398dbc6773384a17fe0d3e7eeb8d1a21c2200473ee6806bb5e6a8e62bb73dd", size = 479447, upload-time = "2024-09-04T20:44:38.492Z" },
    { url = "https://files.pythonhosted.org/packages/5f/e4/fb8b3dd8dc0e98edf1135ff067ae070bb32ef9d509d6cb0f538cd6f7483f/cffi-1.17.1-cp313-cp313-musllinux_1_1_aarch64.whl", hash = "sha256:3edc8d958eb099c634dace3c7e16560ae474aa3803a5df240542b305d14e14ed", size = 484358, upload-time = "2024-09-04T20:44:40.046Z" },
    { url = "https://files.pythonhosted.org/packages/f1/47/d7145bf2dc04684935d57d67dff9d6d795b2ba2796806bb109864be3a151/cffi-1.17.1-cp313-cp313-musllinux_1_1_x86_64.whl", hash = "sha256:72e72408cad3d5419375fc87d289076ee319835bdfa2caad331e377589aebba9", size = 488469, upload-time = "2024-09-04T20:44:41.616Z" },
    { url = "https://files.pythonhosted.org/packages/bf/ee/f94057fa6426481d663b88637a9a10e859e492c73d0384514a17d78ee205/cffi-1.17.1-cp313-cp313-win32.whl", hash = "sha256:e03eab0a8677fa80d646b5ddece1cbeaf556c313dcfac435ba11f107ba117b5d", size = 172475, upload-time = "2024-09-04T20:44:43.733Z" },
    { url = "https://files.pythonhosted.org/packages/7c/fc/6a8cb64e5f0324877d503c854da15d76c1e50eb722e320b15345c4d0c6de/cffi-1.17.1-cp313-cp313-win_amd64.whl", hash = "sha256:f6a16c31041f09ead72d69f583767292f750d24913dadacf5756b966aacb3f1a", size = 182009, upload-time = "2024-09-04T20:44:45.309Z" },
]

[[package]]
name = "minio"
version = "7.2.16"
source = { registry = "https://pypi.org/simple" }
dependencies = [
    { name = "argon2-cffi" },
    { name = "certifi" },
    { name = "pycryptodome" },
    { name = "typing-extensions" },
    { name = "urllib3" },
]
sdist = { url = "https://files.pythonhosted.org/packages/f4/a0/33ea2e18d5169817950edc13eba58cd781cedefe9f6696cae26aa2d75882/minio-7.2.16.tar.gz", hash = "sha256:81e365c8494d591d8204a63ee7596bfdf8a7d06ad1b1507d6b9c1664a95f299a", size = 139149, upload-time = "2025-07-21T20:11:15.911Z" }
wheels = [
    { url = "https://files.pythonhosted.org/packages/89/a3/00260f8df72b51afa1f182dd609533c77fa2407918c4c2813d87b4a56725/minio-7.2.16-py3-none-any.whl", hash = "sha256:9288ab988ca57c181eb59a4c96187b293131418e28c164392186c2b89026b223", size = 95750, upload-time = "2025-07-21T20:11:14.139Z" },
]

[[package]]
name = "minio-client"
version = "0.1.0"
source = { virtual = "." }
dependencies = [
    { name = "minio" },
    { name = "python-dotenv" },
]

[package.metadata]
requires-dist = [
    { name = "minio", specifier = ">=7.2.16" },
    { name = "python-dotenv", specifier = ">=1.1.1" },
]

[[package]]
name = "pycparser"
version = "2.22"
source = { registry = "https://pypi.org/simple" }
sdist = { url = "https://files.pythonhosted.org/packages/1d/b2/31537cf4b1ca988837256c910a668b553fceb8f069bedc4b1c826024b52c/pycparser-2.22.tar.gz", hash = "sha256:491c8be9c040f5390f5bf44a5b07752bd07f56edf992381b05c701439eec10f6", size = 172736, upload-time = "2024-03-30T13:22:22.564Z" }
wheels = [
    { url = "https://files.pythonhosted.org/packages/13/a3/a812df4e2dd5696d1f351d58b8fe16a405b234ad2886a0dab9183fb78109/pycparser-2.22-py3-none-any.whl", hash = "sha256:c3702b6d3dd8c7abc1afa565d7e63d53a1d0bd86cdc24edd75470f4de499cfcc", size = 117552, upload-time = "2024-03-30T13:22:20.476Z" },
]

[[package]]
name = "pycryptodome"
version = "3.23.0"
source = { registry = "https://pypi.org/simple" }
sdist = { url = "https://files.pythonhosted.org/packages/8e/a6/8452177684d5e906854776276ddd34eca30d1b1e15aa1ee9cefc289a33f5/pycryptodome-3.23.0.tar.gz", hash = "sha256:447700a657182d60338bab09fdb27518f8856aecd80ae4c6bdddb67ff5da44ef", size = 4921276, upload-time = "2025-05-17T17:21:45.242Z" }
wheels = [
    { url = "https://files.pythonhosted.org/packages/04/5d/bdb09489b63cd34a976cc9e2a8d938114f7a53a74d3dd4f125ffa49dce82/pycryptodome-3.23.0-cp313-cp313t-macosx_10_13_universal2.whl", hash = "sha256:0011f7f00cdb74879142011f95133274741778abba114ceca229adbf8e62c3e4", size = 2495152, upload-time = "2025-05-17T17:20:20.833Z" },
    { url = "https://files.pythonhosted.org/packages/a7/ce/7840250ed4cc0039c433cd41715536f926d6e86ce84e904068eb3244b6a6/pycryptodome-3.23.0-cp313-cp313t-macosx_10_13_x86_64.whl", hash = "sha256:90460fc9e088ce095f9ee8356722d4f10f86e5be06e2354230a9880b9c549aae", size = 1639348, upload-time = "2025-05-17T17:20:23.171Z" },
    { url = "https://files.pythonhosted.org/packages/ee/f0/991da24c55c1f688d6a3b5a11940567353f74590734ee4a64294834ae472/pycryptodome-3.23.0-cp313-cp313t-manylinux_2_17_aarch64.manylinux2014_aarch64.whl", hash = "sha256:4764e64b269fc83b00f682c47443c2e6e85b18273712b98aa43bcb77f8570477", size = 2184033, upload-time = "2025-05-17T17:20:25.424Z" },
    { url = "https://files.pythonhosted.org/packages/54/16/0e11882deddf00f68b68dd4e8e442ddc30641f31afeb2bc25588124ac8de/pycryptodome-3.23.0-cp313-cp313t-manylinux_2_17_x86_64.manylinux2014_x86_64.whl", hash = "sha256:eb8f24adb74984aa0e5d07a2368ad95276cf38051fe2dc6605cbcf482e04f2a7", size = 2270142, upload-time = "2025-05-17T17:20:27.808Z" },
    { url = "https://files.pythonhosted.org/packages/d5/fc/4347fea23a3f95ffb931f383ff28b3f7b1fe868739182cb76718c0da86a1/pycryptodome-3.23.0-cp313-cp313t-manylinux_2_5_i686.manylinux1_i686.manylinux_2_17_i686.manylinux2014_i686.whl", hash = "sha256:d97618c9c6684a97ef7637ba43bdf6663a2e2e77efe0f863cce97a76af396446", size = 2309384, upload-time = "2025-05-17T17:20:30.765Z" },
    { url = "https://files.pythonhosted.org/packages/6e/d9/c5261780b69ce66d8cfab25d2797bd6e82ba0241804694cd48be41add5eb/pycryptodome-3.23.0-cp313-cp313t-musllinux_1_2_aarch64.whl", hash = "sha256:9a53a4fe5cb075075d515797d6ce2f56772ea7e6a1e5e4b96cf78a14bac3d265", size = 2183237, upload-time = "2025-05-17T17:20:33.736Z" },
    { url = "https://files.pythonhosted.org/packages/5a/6f/3af2ffedd5cfa08c631f89452c6648c4d779e7772dfc388c77c920ca6bbf/pycryptodome-3.23.0-cp313-cp313t-musllinux_1_2_i686.whl", hash = "sha256:763d1d74f56f031788e5d307029caef067febf890cd1f8bf61183ae142f1a77b", size = 2343898, upload-time = "2025-05-17T17:20:36.086Z" },
    { url = "https://files.pythonhosted.org/packages/9a/dc/9060d807039ee5de6e2f260f72f3d70ac213993a804f5e67e0a73a56dd2f/pycryptodome-3.23.0-cp313-cp313t-musllinux_1_2_x86_64.whl", hash = "sha256:954af0e2bd7cea83ce72243b14e4fb518b18f0c1649b576d114973e2073b273d", size = 2269197, upload-time = "2025-05-17T17:20:38.414Z" },
    { url = "https://files.pythonhosted.org/packages/f9/34/e6c8ca177cb29dcc4967fef73f5de445912f93bd0343c9c33c8e5bf8cde8/pycryptodome-3.23.0-cp313-cp313t-win32.whl", hash = "sha256:257bb3572c63ad8ba40b89f6fc9d63a2a628e9f9708d31ee26560925ebe0210a", size = 1768600, upload-time = "2025-05-17T17:20:40.688Z" },
    { url = "https://files.pythonhosted.org/packages/e4/1d/89756b8d7ff623ad0160f4539da571d1f594d21ee6d68be130a6eccb39a4/pycryptodome-3.23.0-cp313-cp313t-win_amd64.whl", hash = "sha256:6501790c5b62a29fcb227bd6b62012181d886a767ce9ed03b303d1f22eb5c625", size = 1799740, upload-time = "2025-05-17T17:20:42.413Z" },
    { url = "https://files.pythonhosted.org/packages/5d/61/35a64f0feaea9fd07f0d91209e7be91726eb48c0f1bfc6720647194071e4/pycryptodome-3.23.0-cp313-cp313t-win_arm64.whl", hash = "sha256:9a77627a330ab23ca43b48b130e202582e91cc69619947840ea4d2d1be21eb39", size = 1703685, upload-time = "2025-05-17T17:20:44.388Z" },
    { url = "https://files.pythonhosted.org/packages/db/6c/a1f71542c969912bb0e106f64f60a56cc1f0fabecf9396f45accbe63fa68/pycryptodome-3.23.0-cp37-abi3-macosx_10_9_universal2.whl", hash = "sha256:187058ab80b3281b1de11c2e6842a357a1f71b42cb1e15bce373f3d238135c27", size = 2495627, upload-time = "2025-05-17T17:20:47.139Z" },
    { url = "https://files.pythonhosted.org/packages/6e/4e/a066527e079fc5002390c8acdd3aca431e6ea0a50ffd7201551175b47323/pycryptodome-3.23.0-cp37-abi3-macosx_10_9_x86_64.whl", hash = "sha256:cfb5cd445280c5b0a4e6187a7ce8de5a07b5f3f897f235caa11f1f435f182843", size = 1640362, upload-time = "2025-05-17T17:20:50.392Z" },
    { url = "https://files.pythonhosted.org/packages/50/52/adaf4c8c100a8c49d2bd058e5b551f73dfd8cb89eb4911e25a0c469b6b4e/pycryptodome-3.23.0-cp37-abi3-manylinux_2_17_aarch64.manylinux2014_aarch64.whl", hash = "sha256:67bd81fcbe34f43ad9422ee8fd4843c8e7198dd88dd3d40e6de42ee65fbe1490", size = 2182625, upload-time = "2025-05-17T17:20:52.866Z" },
    { url = "https://files.pythonhosted.org/packages/5f/e9/a09476d436d0ff1402ac3867d933c61805ec2326c6ea557aeeac3825604e/pycryptodome-3.23.0-cp37-abi3-manylinux_2_17_x86_64.manylinux2014_x86_64.whl", hash = "sha256:c8987bd3307a39bc03df5c8e0e3d8be0c4c3518b7f044b0f4c15d1aa78f52575", size = 2268954, upload-time = "2025-05-17T17:20:55.027Z" },
    { url = "https://files.pythonhosted.org/packages/f9/c5/ffe6474e0c551d54cab931918127c46d70cab8f114e0c2b5a3c071c2f484/pycryptodome-3.23.0-cp37-abi3-manylinux_2_5_i686.manylinux1_i686.manylinux_2_17_i686.manylinux2014_i686.whl", hash = "sha256:aa0698f65e5b570426fc31b8162ed4603b0c2841cbb9088e2b01641e3065915b", size = 2308534, upload-time = "2025-05-17T17:20:57.279Z" },
    { url = "https://files.pythonhosted.org/packages/18/28/e199677fc15ecf43010f2463fde4c1a53015d1fe95fb03bca2890836603a/pycryptodome-3.23.0-cp37-abi3-musllinux_1_2_aarch64.whl", hash = "sha256:53ecbafc2b55353edcebd64bf5da94a2a2cdf5090a6915bcca6eca6cc452585a", size = 2181853, upload-time = "2025-05-17T17:20:59.322Z" },
    { url = "https://files.pythonhosted.org/packages/ce/ea/4fdb09f2165ce1365c9eaefef36625583371ee514db58dc9b65d3a255c4c/pycryptodome-3.23.0-cp37-abi3-musllinux_1_2_i686.whl", hash = "sha256:156df9667ad9f2ad26255926524e1c136d6664b741547deb0a86a9acf5ea631f", size = 2342465, upload-time = "2025-05-17T17:21:03.83Z" },
    { url = "https://files.pythonhosted.org/packages/22/82/6edc3fc42fe9284aead511394bac167693fb2b0e0395b28b8bedaa07ef04/pycryptodome-3.23.0-cp37-abi3-musllinux_1_2_x86_64.whl", hash = "sha256:dea827b4d55ee390dc89b2afe5927d4308a8b538ae91d9c6f7a5090f397af1aa", size = 2267414, upload-time = "2025-05-17T17:21:06.72Z" },
    { url = "https://files.pythonhosted.org/packages/59/fe/aae679b64363eb78326c7fdc9d06ec3de18bac68be4b612fc1fe8902693c/pycryptodome-3.23.0-cp37-abi3-win32.whl", hash = "sha256:507dbead45474b62b2bbe318eb1c4c8ee641077532067fec9c1aa82c31f84886", size = 1768484, upload-time = "2025-05-17T17:21:08.535Z" },
    { url = "https://files.pythonhosted.org/packages/54/2f/e97a1b8294db0daaa87012c24a7bb714147c7ade7656973fd6c736b484ff/pycryptodome-3.23.0-cp37-abi3-win_amd64.whl", hash = "sha256:c75b52aacc6c0c260f204cbdd834f76edc9fb0d8e0da9fbf8352ef58202564e2", size = 1799636, upload-time = "2025-05-17T17:21:10.393Z" },
    { url = "https://files.pythonhosted.org/packages/18/3d/f9441a0d798bf2b1e645adc3265e55706aead1255ccdad3856dbdcffec14/pycryptodome-3.23.0-cp37-abi3-win_arm64.whl", hash = "sha256:11eeeb6917903876f134b56ba11abe95c0b0fd5e3330def218083c7d98bbcb3c", size = 1703675, upload-time = "2025-05-17T17:21:13.146Z" },
]

[[package]]
name = "python-dotenv"
version = "1.1.1"
source = { registry = "https://pypi.org/simple" }
sdist = { url = "https://files.pythonhosted.org/packages/f6/b0/4bc07ccd3572a2f9df7e6782f52b0c6c90dcbb803ac4a167702d7d0dfe1e/python_dotenv-1.1.1.tar.gz", hash = "sha256:a8a6399716257f45be6a007360200409fce5cda2661e3dec71d23dc15f6189ab", size = 41978, upload-time = "2025-06-24T04:21:07.341Z" }
wheels = [
    { url = "https://files.pythonhosted.org/packages/5f/ed/539768cf28c661b5b068d66d96a2f155c4971a5d55684a514c1a0e0dec2f/python_dotenv-1.1.1-py3-none-any.whl", hash = "sha256:31f23644fe2602f88ff55e1f5c79ba497e01224ee7737937930c448e4d0e24dc", size = 20556, upload-time = "2025-06-24T04:21:06.073Z" },
]

[[package]]
name = "typing-extensions"
version = "4.14.1"
source = { registry = "https://pypi.org/simple" }
sdist = { url = "https://files.pythonhosted.org/packages/98/5a/da40306b885cc8c09109dc2e1abd358d5684b1425678151cdaed4731c822/typing_extensions-4.14.1.tar.gz", hash = "sha256:38b39f4aeeab64884ce9f74c94263ef78f3c22467c8724005483154c26648d36", size = 107673, upload-time = "2025-07-04T13:28:34.16Z" }
wheels = [
    { url = "https://files.pythonhosted.org/packages/b5/00/d631e67a838026495268c2f6884f3711a15a9a2a96cd244fdaea53b823fb/typing_extensions-4.14.1-py3-none-any.whl", hash = "sha256:d1e1e3b58374dc93031d6eda2420a48ea44a36c2b4766a4fdeb3710755731d76", size = 43906, upload-time = "2025-07-04T13:28:32.743Z" },
]

[[package]]
name = "urllib3"
version = "2.5.0"
source = { registry = "https://pypi.org/simple" }
sdist = { url = "https://files.pythonhosted.org/packages/15/22/9ee70a2574a4f4599c47dd506532914ce044817c7752a79b6a51286319bc/urllib3-2.5.0.tar.gz", hash = "sha256:3fc47733c7e419d4bc3f6b3dc2b4f890bb743906a30d56ba4a5bfa4bbff92760", size = 393185, upload-time = "2025-06-18T14:07:41.644Z" }
wheels = [
    { url = "https://files.pythonhosted.org/packages/a7/c2/fe1e52489ae3122415c51f387e221dd0773709bad6c6cdaa599e8a2c5185/urllib3-2.5.0-py3-none-any.whl", hash = "sha256:e6b01673c0fa6a13e374b50871808eb3bf7046c4b125b216f6bf1cc604cff0dc", size = 129795, upload-time = "2025-06-18T14:07:40.39Z" },
]
